
Microsoft Visual Studio Solution File, Format Version 12.00
# Visual Studio Version 17
VisualStudioVersion = 17.14.36301.6
MinimumVisualStudioVersion = 10.0.40219.1
Project("{FAE04EC0-301F-11D3-BF4B-00C04F79EFBC}") = "MinimalApi", "MinimalApi\MinimalApi.csproj", "{80E1C0E2-EF02-4916-B0CF-01C04EF51D6C}"
EndProject
Global
	GlobalSection(SolutionConfigurationPlatforms) = preSolution
		Debug|Any CPU = Debug|Any CPU
		Release|Any CPU = Release|Any CPU
	EndGlobalSection
	GlobalSection(ProjectConfigurationPlatforms) = postSolution
		{80E1C0E2-EF02-4916-B0CF-01C04EF51D6C}.Debug|Any CPU.ActiveCfg = Debug|Any CPU
		{80E1C0E2-EF02-4916-B0CF-01C04EF51D6C}.Debug|Any CPU.Build.0 = Debug|Any CPU
		{80E1C0E2-EF02-4916-B0CF-01C04EF51D6C}.Release|Any CPU.ActiveCfg = Release|Any CPU
		{80E1C0E2-EF02-4916-B0CF-01C04EF51D6C}.Release|Any CPU.Build.0 = Release|Any CPU
	EndGlobalSection
	GlobalSection(SolutionProperties) = preSolution
		HideSolutionNode = FALSE
	EndGlobalSection
	GlobalSection(ExtensibilityGlobals) = postSolution
		SolutionGuid = {340B4FC0-738C-44DC-A3E9-7A3AD6966A66}
	EndGlobalSection
EndGlobal
